// !$*UTF8*$!
{
	archiveVersion = 1;
	classes = {
	};
	objectVersion = 50;
	objects = {

/* Begin PBXBuildFile section */
		DC2D089A234F274700DACA61 /* AppDelegate.swift in Sources */ = {isa = PBXBuildFile; fileRef = DC2D0899234F274700DACA61 /* AppDelegate.swift */; };
		DC2D089E234F274700DACA61 /* ViewController.swift in Sources */ = {isa = PBXBuildFile; fileRef = DC2D089D234F274700DACA61 /* ViewController.swift */; };
		DC2D08A1234F274700DACA61 /* Main.storyboard in Resources */ = {isa = PBXBuildFile; fileRef = DC2D089F234F274700DACA61 /* Main.storyboard */; };
		DC2D08A3234F274900DACA61 /* Assets.xcassets in Resources */ = {isa = PBXBuildFile; fileRef = DC2D08A2234F274900DACA61 /* Assets.xcassets */; };
		DC2D08A6234F274900DACA61 /* LaunchScreen.storyboard in Resources */ = {isa = PBXBuildFile; fileRef = DC2D08A4234F274900DACA61 /* LaunchScreen.storyboard */; };
		DC2D08AE234F2E7D00DACA61 /* ARKitViewController.swift in Sources */ = {isa = PBXBuildFile; fileRef = DC2D08AD234F2E7D00DACA61 /* ARKitViewController.swift */; };
		DC2D08B0234F332800DACA61 /* fireplace.mp3 in Resources */ = {isa = PBXBuildFile; fileRef = DC2D08AF234F332800DACA61 /* fireplace.mp3 */; };
/* End PBXBuildFile section */

/* Begin PBXFileReference section */
		DC2D0896234F274700DACA61 /* ARKitAVAudioSessionBugReport.app */ = {isa = PBXFileReference; explicitFileType = wrapper.application; includeInIndex = 0; path = ARKitAVAudioSessionBugReport.app; sourceTree = BUILT_PRODUCTS_DIR; };
		DC2D0899234F274700DACA61 /* AppDelegate.swift */ = {isa = PBXFileReference; lastKnownFileType = sourcecode.swift; path = AppDelegate.swift; sourceTree = "<group>"; };
		DC2D089D234F274700DACA61 /* ViewController.swift */ = {isa = PBXFileReference; lastKnownFileType = sourcecode.swift; path = ViewController.swift; sourceTree = "<group>"; };
		DC2D08A0234F274700DACA61 /* Base */ = {isa = PBXFileReference; lastKnownFileType = file.storyboard; name = Base; path = Base.lproj/Main.storyboard; sourceTree = "<group>"; };
		DC2D08A2234F274900DACA61 /* Assets.xcassets */ = {isa = PBXFileReference; lastKnownFileType = folder.assetcatalog; path = Assets.xcassets; sourceTree = "<group>"; };
		DC2D08A5234F274900DACA61 /* Base */ = {isa = PBXFileReference; lastKnownFileType = file.storyboard; name = Base; path = Base.lproj/LaunchScreen.storyboard; sourceTree = "<group>"; };
		DC2D08A7234F274900DACA61 /* Info.plist */ = {isa = PBXFileReference; lastKnownFileType = text.plist.xml; path = Info.plist; sourceTree = "<group>"; };
		DC2D08AD234F2E7D00DACA61 /* ARKitViewController.swift */ = {isa = PBXFileReference; lastKnownFileType = sourcecode.swift; path = ARKitViewController.swift; sourceTree = "<group>"; };
		DC2D08AF234F332800DACA61 /* fireplace.mp3 */ = {isa = PBXFileReference; lastKnownFileType = audio.mp3; path = fireplace.mp3; sourceTree = "<group>"; };
/* End PBXFileReference section */

/* Begin PBXFrameworksBuildPhase section */
		DC2D0893234F274700DACA61 /* Frameworks */ = {
			isa = PBXFrameworksBuildPhase;
			buildActionMask = 2147483647;
			files = (
			);
			runOnlyForDeploymentPostprocessing = 0;
		};
/* End PBXFrameworksBuildPhase section */

/* Begin PBXGroup section */
		DC2D088D234F274700DACA61 = {
			isa = PBXGroup;
			children = (
				DC2D0898234F274700DACA61 /* ARKitAVAudioSessionBugReport */,
				DC2D0897234F274700DACA61 /* Products */,
			);
			sourceTree = "<group>";
		};
		DC2D0897234F274700DACA61 /* Products */ = {
			isa = PBXGroup;
			children = (
				DC2D0896234F274700DACA61 /* ARKitAVAudioSessionBugReport.app */,
			);
			name = Products;
			sourceTree = "<group>";
		};
		DC2D0898234F274700DACA61 /* ARKitAVAudioSessionBugReport */ = {
			isa = PBXGroup;
			children = (
				DC2D08AF234F332800DACA61 /* fireplace.mp3 */,
				DC2D0899234F274700DACA61 /* AppDelegate.swift */,
				DC2D08AD234F2E7D00DACA61 /* ARKitViewController.swift */,
				DC2D089D234F274700DACA61 /* ViewController.swift */,
				DC2D089F234F274700DACA61 /* Main.storyboard */,
				DC2D08A2234F274900DACA61 /* Assets.xcassets */,
				DC2D08A4234F274900DACA61 /* LaunchScreen.storyboard */,
				DC2D08A7234F274900DACA61 /* Info.plist */,
			);
			path = ARKitAVAudioSessionBugReport;
			sourceTree = "<group>";
		};
/* End PBXGroup section */

/* Begin PBXNativeTarget section */
		DC2D0895234F274700DACA61 /* ARKitAVAudioSessionBugReport */ = {
			isa = PBXNativeTarget;
			buildConfigurationList = DC2D08AA234F274900DACA61 /* Build configuration list for PBXNativeTarget "ARKitAVAudioSessionBugReport" */;
			buildPhases = (
				DC2D0892234F274700DACA61 /* Sources */,
				DC2D0893234F274700DACA61 /* Frameworks */,
				DC2D0894234F274700DACA61 /* Resources */,
			);
			buildRules = (
			);
			dependencies = (
			);
			name = ARKitAVAudioSessionBugReport;
			productName = ARKitAVAudioSessionBugReport;
			productReference = DC2D0896234F274700DACA61 /* ARKitAVAudioSessionBugReport.app */;
			productType = "com.apple.product-type.application";
		};
/* End PBXNativeTarget section */

/* Begin PBXProject section */
		DC2D088E234F274700DACA61 /* Project object */ = {
			isa = PBXProject;
			attributes = {
				LastSwiftUpdateCheck = 1110;
				LastUpgradeCheck = 1110;
				ORGANIZATIONNAME = "Miran Brajsa";
				TargetAttributes = {
					DC2D0895234F274700DACA61 = {
						CreatedOnToolsVersion = 11.1;
					};
				};
			};
			buildConfigurationList = DC2D0891234F274700DACA61 /* Build configuration list for PBXProject "ARKitAVAudioSessionBugReport" */;
			compatibilityVersion = "Xcode 9.3";
			developmentRegion = en;
			hasScannedForEncodings = 0;
			knownRegions = (
				en,
				Base,
			);
			mainGroup = DC2D088D234F274700DACA61;
			productRefGroup = DC2D0897234F274700DACA61 /* Products */;
			projectDirPath = "";
			projectRoot = "";
			targets = (
				DC2D0895234F274700DACA61 /* ARKitAVAudioSessionBugReport */,
			);
		};
/* End PBXProject section */

/* Begin PBXResourcesBuildPhase section */
		DC2D0894234F274700DACA61 /* Resources */ = {
			isa = PBXResourcesBuildPhase;
			buildActionMask = 2147483647;
			files = (
				DC2D08A6234F274900DACA61 /* LaunchScreen.storyboard in Resources */,
				DC2D08A3234F274900DACA61 /* Assets.xcassets in Resources */,
				DC2D08B0234F332800DACA61 /* fireplace.mp3 in Resources */,
				DC2D08A1234F274700DACA61 /* Main.storyboard in Resources */,
			);
			runOnlyForDeploymentPostprocessing = 0;
		};
/* End PBXResourcesBuildPhase section */

/* Begin PBXSourcesBuildPhase section */
		DC2D0892234F274700DACA61 /* Sources */ = {
			isa = PBXSourcesBuildPhase;
			buildActionMask = 2147483647;
			files = (
				DC2D089E234F274700DACA61 /* ViewController.swift in Sources */,
				DC2D089A234F274700DACA61 /* AppDelegate.swift in Sources */,
				DC2D08AE234F2E7D00DACA61 /* ARKitViewController.swift in Sources */,
			);
			runOnlyForDeploymentPostprocessing = 0;
		};
/* End PBXSourcesBuildPhase section */

/* Begin PBXVariantGroup section */
		DC2D089F234F274700DACA61 /* Main.storyboard */ = {
			isa = PBXVariantGroup;
			children = (
				DC2D08A0234F274700DACA61 /* Base */,
			);
			name = Main.storyboard;
			sourceTree = "<group>";
		};
		DC2D08A4234F274900DACA61 /* LaunchScreen.storyboard */ = {
			isa = PBXVariantGroup;
			children = (
				DC2D08A5234F274900DACA61 /* Base */,
			);
			name = LaunchScreen.storyboard;
			sourceTree = "<group>";
		};
/* End PBXVariantGroup section */

/* Begin XCBuildConfiguration section */
		DC2D08A8234F274900DACA61 /* Debug */ = {
			isa = XCBuildConfiguration;
			buildSettings = {
				ALWAYS_SEARCH_USER_PATHS = NO;
				CLANG_ANALYZER_NONNULL = YES;
				CLANG_ANALYZER_NUMBER_OBJECT_CONVERSION = YES_AGGRESSIVE;
				CLANG_CXX_LANGUAGE_STANDARD = "gnu++14";
				CLANG_CXX_LIBRARY = "libc++";
				CLANG_ENABLE_MODULES = YES;
				CLANG_ENABLE_OBJC_ARC = YES;
				CLANG_ENABLE_OBJC_WEAK = YES;
				CLANG_WARN_BLOCK_CAPTURE_AUTORELEASING = YES;
				CLANG_WARN_BOOL_CONVERSION = YES;
				CLANG_WARN_COMMA = YES;
				CLANG_WARN_CONSTANT_CONVERSION = YES;
				CLANG_WARN_DEPRECATED_OBJC_IMPLEMENTATIONS = YES;
				CLANG_WARN_DIRECT_OBJC_ISA_USAGE = YES_ERROR;
				CLANG_WARN_DOCUMENTATION_COMMENTS = YES;
				CLANG_WARN_EMPTY_BODY = YES;
				CLANG_WARN_ENUM_CONVERSION = YES;
				CLANG_WARN_INFINITE_RECURSION = YES;
				CLANG_WARN_INT_CONVERSION = YES;
				CLANG_WARN_NON_LITERAL_NULL_CONVERSION = YES;
				CLANG_WARN_OBJC_IMPLICIT_RETAIN_SELF = YES;
				CLANG_WARN_OBJC_LITERAL_CONVERSION = YES;
				CLANG_WARN_OBJC_ROOT_CLASS = YES_ERROR;
				CLANG_WARN_RANGE_LOOP_ANALYSIS = YES;
				CLANG_WARN_STRICT_PROTOTYPES = YES;
				CLANG_WARN_SUSPICIOUS_MOVE = YES;
				CLANG_WARN_UNGUARDED_AVAILABILITY = YES_AGGRESSIVE;
				CLANG_WARN_UNREACHABLE_CODE = YES;
				CLANG_WARN__DUPLICATE_METHOD_MATCH = YES;
				COPY_PHASE_STRIP = NO;
				DEBUG_INFORMATION_FORMAT = dwarf;
				ENABLE_STRICT_OBJC_MSGSEND = YES;
				ENABLE_TESTABILITY = YES;
				GCC_C_LANGUAGE_STANDARD = gnu11;
				GCC_DYNAMIC_NO_PIC = NO;
				GCC_NO_COMMON_BLOCKS = YES;
				GCC_OPTIMIZATION_LEVEL = 0;
				GCC_PREPROCESSOR_DEFINITIONS = (
					"DEBUG=1",
					"$(inherited)",
				);
				GCC_WARN_64_TO_32_BIT_CONVERSION = YES;
				GCC_WARN_ABOUT_RETURN_TYPE = YES_ERROR;
				GCC_WARN_UNDECLARED_SELECTOR = YES;
				GCC_WARN_UNINITIALIZED_AUTOS = YES_AGGRESSIVE;
				GCC_WARN_UNUSED_FUNCTION = YES;
				GCC_WARN_UNUSED_VARIABLE = YES;
				IPHONEOS_DEPLOYMENT_TARGET = 13.1;
				MTL_ENABLE_DEBUG_INFO = INCLUDE_SOURCE;
				MTL_FAST_MATH = YES;
				ONLY_ACTIVE_ARCH = YES;
				SDKROOT = iphoneos;
				SWIFT_ACTIVE_COMPILATION_CONDITIONS = DEBUG;
				SWIFT_OPTIMIZATION_LEVEL = "-Onone";
			};
			name = Debug;
		};
		DC2D08A9234F274900DACA61 /* Release */ = {
			isa = XCBuildConfiguration;
			buildSettings = {
				ALWAYS_SEARCH_USER_PATHS = NO;
				CLANG_ANALYZER_NONNULL = YES;
				CLANG_ANALYZER_NUMBER_OBJECT_CONVERSION = YES_AGGRESSIVE;
				CLANG_CXX_LANGUAGE_STANDARD = "gnu++14";
				CLANG_CXX_LIBRARY = "libc++";
				CLANG_ENABLE_MODULES = YES;
				CLANG_ENABLE_OBJC_ARC = YES;
				CLANG_ENABLE_OBJC_WEAK = YES;
				CLANG_WARN_BLOCK_CAPTURE_AUTORELEASING = YES;
				CLANG_WARN_BOOL_CONVERSION = YES;
				CLANG_WARN_COMMA = YES;
				CLANG_WARN_CONSTANT_CONVERSION = YES;
				CLANG_WARN_DEPRECATED_OBJC_IMPLEMENTATIONS = YES;
				CLANG_WARN_DIRECT_OBJC_ISA_USAGE = YES_ERROR;
				CLANG_WARN_DOCUMENTATION_COMMENTS = YES;
				CLANG_WARN_EMPTY_BODY = YES;
				CLANG_WARN_ENUM_CONVERSION = YES;
				CLANG_WARN_INFINITE_RECURSION = YES;
				CLANG_WARN_INT_CONVERSION = YES;
				CLANG_WARN_NON_LITERAL_NULL_CONVERSION = YES;
				CLANG_WARN_OBJC_IMPLICIT_RETAIN_SELF = YES;
				CLANG_WARN_OBJC_LITERAL_CONVERSION = YES;
				CLANG_WARN_OBJC_ROOT_CLASS = YES_ERROR;
				CLANG_WARN_RANGE_LOOP_ANALYSIS = YES;
				CLANG_WARN_STRICT_PROTOTYPES = YES;
				CLANG_WARN_SUSPICIOUS_MOVE = YES;
				CLANG_WARN_UNGUARDED_AVAILABILITY = YES_AGGRESSIVE;
				CLANG_WARN_UNREACHABLE_CODE = YES;
				CLANG_WARN__DUPLICATE_METHOD_MATCH = YES;
				COPY_PHASE_STRIP = NO;
				DEBUG_INFORMATION_FORMAT = "dwarf-with-dsym";
				ENABLE_NS_ASSERTIONS = NO;
				ENABLE_STRICT_OBJC_MSGSEND = YES;
				GCC_C_LANGUAGE_STANDARD = gnu11;
				GCC_NO_COMMON_BLOCKS = YES;
				GCC_WARN_64_TO_32_BIT_CONVERSION = YES;
				GCC_WARN_ABOUT_RETURN_TYPE = YES_ERROR;
				GCC_WARN_UNDECLARED_SELECTOR = YES;
				GCC_WARN_UNINITIALIZED_AUTOS = YES_AGGRESSIVE;
				GCC_WARN_UNUSED_FUNCTION = YES;
				GCC_WARN_UNUSED_VARIABLE = YES;
				IPHONEOS_DEPLOYMENT_TARGET = 13.1;
				MTL_ENABLE_DEBUG_INFO = NO;
				MTL_FAST_MATH = YES;
				SDKROOT = iphoneos;
				SWIFT_COMPILATION_MODE = wholemodule;
				SWIFT_OPTIMIZATION_LEVEL = "-O";
				VALIDATE_PRODUCT = YES;
			};
			name = Release;
		};
		DC2D08AB234F274900DACA61 /* Debug */ = {
			isa = XCBuildConfiguration;
			buildSettings = {
				ASSETCATALOG_COMPILER_APPICON_NAME = AppIcon;
				CODE_SIGN_STYLE = Automatic;
				DEVELOPMENT_TEAM = ZCK647485N;
				INFOPLIST_FILE = ARKitAVAudioSessionBugReport/Info.plist;
				IPHONEOS_DEPLOYMENT_TARGET = 12.0;
				LD_RUNPATH_SEARCH_PATHS = (
					"$(inherited)",
					"@executable_path/Frameworks",
				);
				PRODUCT_BUNDLE_IDENTIFIER = "com.miranbrajsa.-ARKitAVAudioSessionBugReport";
				PRODUCT_NAME = "$(TARGET_NAME)";
				SWIFT_VERSION = 5.0;
				TARGETED_DEVICE_FAMILY = "1,2";
			};
			name = Debug;
		};
		DC2D08AC234F274900DACA61 /* Release */ = {
			isa = XCBuildConfiguration;
			buildSettings = {
				ASSETCATALOG_COMPILER_APPICON_NAME = AppIcon;
				CODE_SIGN_STYLE = Automatic;
				DEVELOPMENT_TEAM = ZCK647485N;
				INFOPLIST_FILE = ARKitAVAudioSessionBugReport/Info.plist;
				IPHONEOS_DEPLOYMENT_TARGET = 12.0;
				LD_RUNPATH_SEARCH_PATHS = (
					"$(inherited)",
					"@executable_path/Frameworks",
				);
				PRODUCT_BUNDLE_IDENTIFIER = "com.miranbrajsa.-ARKitAVAudioSessionBugReport";
				PRODUCT_NAME = "$(TARGET_NAME)";
				SWIFT_VERSION = 5.0;
				TARGETED_DEVICE_FAMILY = "1,2";
			};
			name = Release;
		};
/* End XCBuildConfiguration section */

/* Begin XCConfigurationList section */
		DC2D0891234F274700DACA61 /* Build configuration list for PBXProject "ARKitAVAudioSessionBugReport" */ = {
			isa = XCConfigurationList;
			buildConfigurations = (
				DC2D08A8234F274900DACA61 /* Debug */,
				DC2D08A9234F274900DACA61 /* Release */,
			);
			defaultConfigurationIsVisible = 0;
			defaultConfigurationName = Release;
		};
		DC2D08AA234F274900DACA61 /* Build configuration list for PBXNativeTarget "ARKitAVAudioSessionBugReport" */ = {
			isa = XCConfigurationList;
			buildConfigurations = (
				DC2D08AB234F274900DACA61 /* Debug */,
				DC2D08AC234F274900DACA61 /* Release */,
			);
			defaultConfigurationIsVisible = 0;
			defaultConfigurationName = Release;
		};
/* End XCConfigurationList section */
	};
	rootObject = DC2D088E234F274700DACA61 /* Project object */;
}
